
Microsoft Visual Studio Solution File, Format Version 12.00
# Visual Studio Version 16
VisualStudioVersion = 16.0.31729.503
MinimumVisualStudioVersion = 10.0.40219.1
Project("{FAE04EC0-301F-11D3-BF4B-00C04F79EFBC}") = "LucaciuVlad_An1S1_Rezolvari", "LucaciuVlad_An1S1_Rezolvari\LucaciuVlad_An1S1_Rezolvari.csproj", "{F2B9FE89-D9CB-4F67-B6ED-975C51AFB81E}"
EndProject
Global
	GlobalSection(SolutionConfigurationPlatforms) = preSolution
		Debug|Any CPU = Debug|Any CPU
		Release|Any CPU = Release|Any CPU
	EndGlobalSection
	GlobalSection(ProjectConfigurationPlatforms) = postSolution
		{F2B9FE89-D9CB-4F67-B6ED-975C51AFB81E}.Debug|Any CPU.ActiveCfg = Debug|Any CPU
		{F2B9FE89-D9CB-4F67-B6ED-975C51AFB81E}.Debug|Any CPU.Build.0 = Debug|Any CPU
		{F2B9FE89-D9CB-4F67-B6ED-975C51AFB81E}.Release|Any CPU.ActiveCfg = Release|Any CPU
		{F2B9FE89-D9CB-4F67-B6ED-975C51AFB81E}.Release|Any CPU.Build.0 = Release|Any CPU
	EndGlobalSection
	GlobalSection(SolutionProperties) = preSolution
		HideSolutionNode = FALSE
	EndGlobalSection
	GlobalSection(ExtensibilityGlobals) = postSolution
		SolutionGuid = {47D40E93-D389-42B9-BA33-846206FE9535}
	EndGlobalSection
EndGlobal
